// !$*UTF8*$!
{
	archiveVersion = 1;
	classes = {
	};
	objectVersion = 46;
	objects = {

/* Begin PBXBuildFile section */
		90B82C7B1ED8BB3B000E1882 /* AppDelegate.swift in Sources */ = {isa = PBXBuildFile; fileRef = 90B82C7A1ED8BB3B000E1882 /* AppDelegate.swift */; };
		90B82C801ED8BB3B000E1882 /* Main.storyboard in Resources */ = {isa = PBXBuildFile; fileRef = 90B82C7E1ED8BB3B000E1882 /* Main.storyboard */; };
		90B82C821ED8BB3B000E1882 /* Assets.xcassets in Resources */ = {isa = PBXBuildFile; fileRef = 90B82C811ED8BB3B000E1882 /* Assets.xcassets */; };
		90B82C851ED8BB3B000E1882 /* LaunchScreen.storyboard in Resources */ = {isa = PBXBuildFile; fileRef = 90B82C831ED8BB3B000E1882 /* LaunchScreen.storyboard */; };
		90B82C8F1ED8BD1C000E1882 /* CameraViewController.swift in Sources */ = {isa = PBXBuildFile; fileRef = 90B82C8C1ED8BD1C000E1882 /* CameraViewController.swift */; };
		90B82C901ED8BD1C000E1882 /* PhotoCaptureDelegate.swift in Sources */ = {isa = PBXBuildFile; fileRef = 90B82C8D1ED8BD1C000E1882 /* PhotoCaptureDelegate.swift */; };
		90B82C911ED8BD1C000E1882 /* PreviewView.swift in Sources */ = {isa = PBXBuildFile; fileRef = 90B82C8E1ED8BD1C000E1882 /* PreviewView.swift */; };
/* End PBXBuildFile section */

/* Begin PBXFileReference section */
		90B82C771ED8BB3B000E1882 /* QuickCam.app */ = {isa = PBXFileReference; explicitFileType = wrapper.application; includeInIndex = 0; path = QuickCam.app; sourceTree = BUILT_PRODUCTS_DIR; };
		90B82C7A1ED8BB3B000E1882 /* AppDelegate.swift */ = {isa = PBXFileReference; lastKnownFileType = sourcecode.swift; path = AppDelegate.swift; sourceTree = "<group>"; };
		90B82C7F1ED8BB3B000E1882 /* Base */ = {isa = PBXFileReference; lastKnownFileType = file.storyboard; name = Base; path = Base.lproj/Main.storyboard; sourceTree = "<group>"; };
		90B82C811ED8BB3B000E1882 /* Assets.xcassets */ = {isa = PBXFileReference; lastKnownFileType = folder.assetcatalog; path = Assets.xcassets; sourceTree = "<group>"; };
		90B82C841ED8BB3B000E1882 /* Base */ = {isa = PBXFileReference; lastKnownFileType = file.storyboard; name = Base; path = Base.lproj/LaunchScreen.storyboard; sourceTree = "<group>"; };
		90B82C861ED8BB3B000E1882 /* Info.plist */ = {isa = PBXFileReference; lastKnownFileType = text.plist.xml; path = Info.plist; sourceTree = "<group>"; };
		90B82C8C1ED8BD1C000E1882 /* CameraViewController.swift */ = {isa = PBXFileReference; fileEncoding = 4; lastKnownFileType = sourcecode.swift; path = CameraViewController.swift; sourceTree = "<group>"; };
		90B82C8D1ED8BD1C000E1882 /* PhotoCaptureDelegate.swift */ = {isa = PBXFileReference; fileEncoding = 4; lastKnownFileType = sourcecode.swift; path = PhotoCaptureDelegate.swift; sourceTree = "<group>"; };
		90B82C8E1ED8BD1C000E1882 /* PreviewView.swift */ = {isa = PBXFileReference; fileEncoding = 4; lastKnownFileType = sourcecode.swift; path = PreviewView.swift; sourceTree = "<group>"; };
/* End PBXFileReference section */

/* Begin PBXFrameworksBuildPhase section */
		90B82C741ED8BB3B000E1882 /* Frameworks */ = {
			isa = PBXFrameworksBuildPhase;
			buildActionMask = 2147483647;
			files = (
			);
			runOnlyForDeploymentPostprocessing = 0;
		};
/* End PBXFrameworksBuildPhase section */

/* Begin PBXGroup section */
		90B82C6E1ED8BB3B000E1882 = {
			isa = PBXGroup;
			children = (
				90B82C791ED8BB3B000E1882 /* QuickCam */,
				90B82C781ED8BB3B000E1882 /* Products */,
			);
			sourceTree = "<group>";
		};
		90B82C781ED8BB3B000E1882 /* Products */ = {
			isa = PBXGroup;
			children = (
				90B82C771ED8BB3B000E1882 /* QuickCam.app */,
			);
			name = Products;
			sourceTree = "<group>";
		};
		90B82C791ED8BB3B000E1882 /* QuickCam */ = {
			isa = PBXGroup;
			children = (
				90B82C7A1ED8BB3B000E1882 /* AppDelegate.swift */,
				90B82C8C1ED8BD1C000E1882 /* CameraViewController.swift */,
				90B82C8D1ED8BD1C000E1882 /* PhotoCaptureDelegate.swift */,
				90B82C8E1ED8BD1C000E1882 /* PreviewView.swift */,
				90B82C7E1ED8BB3B000E1882 /* Main.storyboard */,
				90B82C811ED8BB3B000E1882 /* Assets.xcassets */,
				90B82C831ED8BB3B000E1882 /* LaunchScreen.storyboard */,
				90B82C861ED8BB3B000E1882 /* Info.plist */,
			);
			path = QuickCam;
			sourceTree = "<group>";
		};
/* End PBXGroup section */

/* Begin PBXNativeTarget section */
		90B82C761ED8BB3B000E1882 /* QuickCam */ = {
			isa = PBXNativeTarget;
			buildConfigurationList = 90B82C891ED8BB3B000E1882 /* Build configuration list for PBXNativeTarget "QuickCam" */;
			buildPhases = (
				90B82C731ED8BB3B000E1882 /* Sources */,
				90B82C741ED8BB3B000E1882 /* Frameworks */,
				90B82C751ED8BB3B000E1882 /* Resources */,
			);
			buildRules = (
			);
			dependencies = (
			);
			name = QuickCam;
			productName = QuickCam;
			productReference = 90B82C771ED8BB3B000E1882 /* QuickCam.app */;
			productType = "com.apple.product-type.application";
		};
/* End PBXNativeTarget section */

/* Begin PBXProject section */
		90B82C6F1ED8BB3B000E1882 /* Project object */ = {
			isa = PBXProject;
			attributes = {
				LastSwiftUpdateCheck = 0830;
				LastUpgradeCheck = 0830;
				ORGANIZATIONNAME = "Andrii Halabuda";
				TargetAttributes = {
					90B82C761ED8BB3B000E1882 = {
						CreatedOnToolsVersion = 8.3.2;
						DevelopmentTeam = PTRW36GG78;
						ProvisioningStyle = Automatic;
					};
				};
			};
			buildConfigurationList = 90B82C721ED8BB3B000E1882 /* Build configuration list for PBXProject "QuickCam" */;
			compatibilityVersion = "Xcode 3.2";
			developmentRegion = English;
			hasScannedForEncodings = 0;
			knownRegions = (
				en,
				Base,
			);
			mainGroup = 90B82C6E1ED8BB3B000E1882;
			productRefGroup = 90B82C781ED8BB3B000E1882 /* Products */;
			projectDirPath = "";
			projectRoot = "";
			targets = (
				90B82C761ED8BB3B000E1882 /* QuickCam */,
			);
		};
/* End PBXProject section */

/* Begin PBXResourcesBuildPhase section */
		90B82C751ED8BB3B000E1882 /* Resources */ = {
			isa = PBXResourcesBuildPhase;
			buildActionMask = 2147483647;
			files = (
				90B82C851ED8BB3B000E1882 /* LaunchScreen.storyboard in Resources */,
				90B82C821ED8BB3B000E1882 /* Assets.xcassets in Resources */,
				90B82C801ED8BB3B000E1882 /* Main.storyboard in Resources */,
			);
			runOnlyForDeploymentPostprocessing = 0;
		};
/* End PBXResourcesBuildPhase section */

/* Begin PBXSourcesBuildPhase section */
		90B82C731ED8BB3B000E1882 /* Sources */ = {
			isa = PBXSourcesBuildPhase;
			buildActionMask = 2147483647;
			files = (
				90B82C911ED8BD1C000E1882 /* PreviewView.swift in Sources */,
				90B82C7B1ED8BB3B000E1882 /* AppDelegate.swift in Sources */,
				90B82C901ED8BD1C000E1882 /* PhotoCaptureDelegate.swift in Sources */,
				90B82C8F1ED8BD1C000E1882 /* CameraViewController.swift in Sources */,
			);
			runOnlyForDeploymentPostprocessing = 0;
		};
/* End PBXSourcesBuildPhase section */

/* Begin PBXVariantGroup section */
		90B82C7E1ED8BB3B000E1882 /* Main.storyboard */ = {
			isa = PBXVariantGroup;
			children = (
				90B82C7F1ED8BB3B000E1882 /* Base */,
			);
			name = Main.storyboard;
			sourceTree = "<group>";
		};
		90B82C831ED8BB3B000E1882 /* LaunchScreen.storyboard */ = {
			isa = PBXVariantGroup;
			children = (
				90B82C841ED8BB3B000E1882 /* Base */,
			);
			name = LaunchScreen.storyboard;
			sourceTree = "<group>";
		};
/* End PBXVariantGroup section */

/* Begin XCBuildConfiguration section */
		90B82C871ED8BB3B000E1882 /* Debug */ = {
			isa = XCBuildConfiguration;
			buildSettings = {
				ALWAYS_SEARCH_USER_PATHS = NO;
				CLANG_ANALYZER_NONNULL = YES;
				CLANG_ANALYZER_NUMBER_OBJECT_CONVERSION = YES_AGGRESSIVE;
				CLANG_CXX_LANGUAGE_STANDARD = "gnu++0x";
				CLANG_CXX_LIBRARY = "libc++";
				CLANG_ENABLE_MODULES = YES;
				CLANG_ENABLE_OBJC_ARC = YES;
				CLANG_WARN_BOOL_CONVERSION = YES;
				CLANG_WARN_CONSTANT_CONVERSION = YES;
				CLANG_WARN_DIRECT_OBJC_ISA_USAGE = YES_ERROR;
				CLANG_WARN_DOCUMENTATION_COMMENTS = YES;
				CLANG_WARN_EMPTY_BODY = YES;
				CLANG_WARN_ENUM_CONVERSION = YES;
				CLANG_WARN_INFINITE_RECURSION = YES;
				CLANG_WARN_INT_CONVERSION = YES;
				CLANG_WARN_OBJC_ROOT_CLASS = YES_ERROR;
				CLANG_WARN_SUSPICIOUS_MOVE = YES;
				CLANG_WARN_UNREACHABLE_CODE = YES;
				CLANG_WARN__DUPLICATE_METHOD_MATCH = YES;
				"CODE_SIGN_IDENTITY[sdk=iphoneos*]" = "iPhone Developer";
				COPY_PHASE_STRIP = NO;
				DEBUG_INFORMATION_FORMAT = dwarf;
				ENABLE_STRICT_OBJC_MSGSEND = YES;
				ENABLE_TESTABILITY = YES;
				GCC_C_LANGUAGE_STANDARD = gnu99;
				GCC_DYNAMIC_NO_PIC = NO;
				GCC_NO_COMMON_BLOCKS = YES;
				GCC_OPTIMIZATION_LEVEL = 0;
				GCC_PREPROCESSOR_DEFINITIONS = (
					"DEBUG=1",
					"$(inherited)",
				);
				GCC_WARN_64_TO_32_BIT_CONVERSION = YES;
				GCC_WARN_ABOUT_RETURN_TYPE = YES_ERROR;
				GCC_WARN_UNDECLARED_SELECTOR = YES;
				GCC_WARN_UNINITIALIZED_AUTOS = YES_AGGRESSIVE;
				GCC_WARN_UNUSED_FUNCTION = YES;
				GCC_WARN_UNUSED_VARIABLE = YES;
				IPHONEOS_DEPLOYMENT_TARGET = 10.3;
				MTL_ENABLE_DEBUG_INFO = YES;
				ONLY_ACTIVE_ARCH = YES;
				SDKROOT = iphoneos;
				SWIFT_ACTIVE_COMPILATION_CONDITIONS = DEBUG;
				SWIFT_OPTIMIZATION_LEVEL = "-Onone";
			};
			name = Debug;
		};
		90B82C881ED8BB3B000E1882 /* Release */ = {
			isa = XCBuildConfiguration;
			buildSettings = {
				ALWAYS_SEARCH_USER_PATHS = NO;
				CLANG_ANALYZER_NONNULL = YES;
				CLANG_ANALYZER_NUMBER_OBJECT_CONVERSION = YES_AGGRESSIVE;
				CLANG_CXX_LANGUAGE_STANDARD = "gnu++0x";
				CLANG_CXX_LIBRARY = "libc++";
				CLANG_ENABLE_MODULES = YES;
				CLANG_ENABLE_OBJC_ARC = YES;
				CLANG_WARN_BOOL_CONVERSION = YES;
				CLANG_WARN_CONSTANT_CONVERSION = YES;
				CLANG_WARN_DIRECT_OBJC_ISA_USAGE = YES_ERROR;
				CLANG_WARN_DOCUMENTATION_COMMENTS = YES;
				CLANG_WARN_EMPTY_BODY = YES;
				CLANG_WARN_ENUM_CONVERSION = YES;
				CLANG_WARN_INFINITE_RECURSION = YES;
				CLANG_WARN_INT_CONVERSION = YES;
				CLANG_WARN_OBJC_ROOT_CLASS = YES_ERROR;
				CLANG_WARN_SUSPICIOUS_MOVE = YES;
				CLANG_WARN_UNREACHABLE_CODE = YES;
				CLANG_WARN__DUPLICATE_METHOD_MATCH = YES;
				"CODE_SIGN_IDENTITY[sdk=iphoneos*]" = "iPhone Developer";
				COPY_PHASE_STRIP = NO;
				DEBUG_INFORMATION_FORMAT = "dwarf-with-dsym";
				ENABLE_NS_ASSERTIONS = NO;
				ENABLE_STRICT_OBJC_MSGSEND = YES;
				GCC_C_LANGUAGE_STANDARD = gnu99;
				GCC_NO_COMMON_BLOCKS = YES;
				GCC_WARN_64_TO_32_BIT_CONVERSION = YES;
				GCC_WARN_ABOUT_RETURN_TYPE = YES_ERROR;
				GCC_WARN_UNDECLARED_SELECTOR = YES;
				GCC_WARN_UNINITIALIZED_AUTOS = YES_AGGRESSIVE;
				GCC_WARN_UNUSED_FUNCTION = YES;
				GCC_WARN_UNUSED_VARIABLE = YES;
				IPHONEOS_DEPLOYMENT_TARGET = 10.3;
				MTL_ENABLE_DEBUG_INFO = NO;
				SDKROOT = iphoneos;
				SWIFT_OPTIMIZATION_LEVEL = "-Owholemodule";
				VALIDATE_PRODUCT = YES;
			};
			name = Release;
		};
		90B82C8A1ED8BB3B000E1882 /* Debug */ = {
			isa = XCBuildConfiguration;
			buildSettings = {
				ASSETCATALOG_COMPILER_APPICON_NAME = AppIcon;
				DEVELOPMENT_TEAM = PTRW36GG78;
				INFOPLIST_FILE = QuickCam/Info.plist;
				LD_RUNPATH_SEARCH_PATHS = "$(inherited) @executable_path/Frameworks";
				PRODUCT_BUNDLE_IDENTIFIER = com.losAngelesBoy.QuickCam;
				PRODUCT_NAME = "$(TARGET_NAME)";
				SWIFT_VERSION = 3.0;
			};
			name = Debug;
		};
		90B82C8B1ED8BB3B000E1882 /* Release */ = {
			isa = XCBuildConfiguration;
			buildSettings = {
				ASSETCATALOG_COMPILER_APPICON_NAME = AppIcon;
				DEVELOPMENT_TEAM = PTRW36GG78;
				INFOPLIST_FILE = QuickCam/Info.plist;
				LD_RUNPATH_SEARCH_PATHS = "$(inherited) @executable_path/Frameworks";
				PRODUCT_BUNDLE_IDENTIFIER = com.losAngelesBoy.QuickCam;
				PRODUCT_NAME = "$(TARGET_NAME)";
				SWIFT_VERSION = 3.0;
			};
			name = Release;
		};
/* End XCBuildConfiguration section */

/* Begin XCConfigurationList section */
		90B82C721ED8BB3B000E1882 /* Build configuration list for PBXProject "QuickCam" */ = {
			isa = XCConfigurationList;
			buildConfigurations = (
				90B82C871ED8BB3B000E1882 /* Debug */,
				90B82C881ED8BB3B000E1882 /* Release */,
			);
			defaultConfigurationIsVisible = 0;
			defaultConfigurationName = Release;
		};
		90B82C891ED8BB3B000E1882 /* Build configuration list for PBXNativeTarget "QuickCam" */ = {
			isa = XCConfigurationList;
			buildConfigurations = (
				90B82C8A1ED8BB3B000E1882 /* Debug */,
				90B82C8B1ED8BB3B000E1882 /* Release */,
			);
			defaultConfigurationIsVisible = 0;
			defaultConfigurationName = Release;
		};
/* End XCConfigurationList section */
	};
	rootObject = 90B82C6F1ED8BB3B000E1882 /* Project object */;
}
